// !$*UTF8*$!
{
	archiveVersion = 1;
	classes = {
	};
	objectVersion = 50;
	objects = {

/* Begin PBXBuildFile section */
		71C1ACE626F5199C000413DD /* Tests_iOS.swift in Sources */ = {isa = PBXBuildFile; fileRef = 71C1ACE526F5199C000413DD /* Tests_iOS.swift */; };
		71C1ACF126F5199C000413DD /* Tests_macOS.swift in Sources */ = {isa = PBXBuildFile; fileRef = 71C1ACF026F5199C000413DD /* Tests_macOS.swift */; };
		71C1ACF326F5199C000413DD /* HelloApp.swift in Sources */ = {isa = PBXBuildFile; fileRef = 71C1ACCA26F5199B000413DD /* HelloApp.swift */; };
		71C1ACF426F5199C000413DD /* HelloApp.swift in Sources */ = {isa = PBXBuildFile; fileRef = 71C1ACCA26F5199B000413DD /* HelloApp.swift */; };
		71C1ACF526F5199C000413DD /* ContentView.swift in Sources */ = {isa = PBXBuildFile; fileRef = 71C1ACCB26F5199B000413DD /* ContentView.swift */; };
		71C1ACF626F5199C000413DD /* ContentView.swift in Sources */ = {isa = PBXBuildFile; fileRef = 71C1ACCB26F5199B000413DD /* ContentView.swift */; };
		71C1ACF726F5199C000413DD /* Assets.xcassets in Resources */ = {isa = PBXBuildFile; fileRef = 71C1ACCC26F5199C000413DD /* Assets.xcassets */; };
		71C1ACF826F5199C000413DD /* Assets.xcassets in Resources */ = {isa = PBXBuildFile; fileRef = 71C1ACCC26F5199C000413DD /* Assets.xcassets */; };
		71C1AD0826F55F24000413DD /* Welcome.swift in Sources */ = {isa = PBXBuildFile; fileRef = 71C1AD0726F55F24000413DD /* Welcome.swift */; };
		71C1AD0926F55F24000413DD /* Welcome.swift in Sources */ = {isa = PBXBuildFile; fileRef = 71C1AD0726F55F24000413DD /* Welcome.swift */; };
/* End PBXBuildFile section */

/* Begin PBXContainerItemProxy section */
		71C1ACE226F5199C000413DD /* PBXContainerItemProxy */ = {
			isa = PBXContainerItemProxy;
			containerPortal = 71C1ACC526F5199B000413DD /* Project object */;
			proxyType = 1;
			remoteGlobalIDString = 71C1ACD026F5199C000413DD;
			remoteInfo = "Hello (iOS)";
		};
		71C1ACED26F5199C000413DD /* PBXContainerItemProxy */ = {
			isa = PBXContainerItemProxy;
			containerPortal = 71C1ACC526F5199B000413DD /* Project object */;
			proxyType = 1;
			remoteGlobalIDString = 71C1ACD826F5199C000413DD;
			remoteInfo = "Hello (macOS)";
		};
/* End PBXContainerItemProxy section */

/* Begin PBXFileReference section */
		71C1ACCA26F5199B000413DD /* HelloApp.swift */ = {isa = PBXFileReference; lastKnownFileType = sourcecode.swift; path = HelloApp.swift; sourceTree = "<group>"; };
		71C1ACCB26F5199B000413DD /* ContentView.swift */ = {isa = PBXFileReference; lastKnownFileType = sourcecode.swift; path = ContentView.swift; sourceTree = "<group>"; };
		71C1ACCC26F5199C000413DD /* Assets.xcassets */ = {isa = PBXFileReference; lastKnownFileType = folder.assetcatalog; path = Assets.xcassets; sourceTree = "<group>"; };
		71C1ACD126F5199C000413DD /* Hello.app */ = {isa = PBXFileReference; explicitFileType = wrapper.application; includeInIndex = 0; path = Hello.app; sourceTree = BUILT_PRODUCTS_DIR; };
		71C1ACD426F5199C000413DD /* Info.plist */ = {isa = PBXFileReference; lastKnownFileType = text.plist.xml; path = Info.plist; sourceTree = "<group>"; };
		71C1ACD926F5199C000413DD /* Hello.app */ = {isa = PBXFileReference; explicitFileType = wrapper.application; includeInIndex = 0; path = Hello.app; sourceTree = BUILT_PRODUCTS_DIR; };
		71C1ACDB26F5199C000413DD /* Info.plist */ = {isa = PBXFileReference; lastKnownFileType = text.plist.xml; path = Info.plist; sourceTree = "<group>"; };
		71C1ACDC26F5199C000413DD /* macOS.entitlements */ = {isa = PBXFileReference; lastKnownFileType = text.plist.entitlements; path = macOS.entitlements; sourceTree = "<group>"; };
		71C1ACE126F5199C000413DD /* Tests iOS.xctest */ = {isa = PBXFileReference; explicitFileType = wrapper.cfbundle; includeInIndex = 0; path = "Tests iOS.xctest"; sourceTree = BUILT_PRODUCTS_DIR; };
		71C1ACE526F5199C000413DD /* Tests_iOS.swift */ = {isa = PBXFileReference; lastKnownFileType = sourcecode.swift; path = Tests_iOS.swift; sourceTree = "<group>"; };
		71C1ACE726F5199C000413DD /* Info.plist */ = {isa = PBXFileReference; lastKnownFileType = text.plist.xml; path = Info.plist; sourceTree = "<group>"; };
		71C1ACEC26F5199C000413DD /* Tests macOS.xctest */ = {isa = PBXFileReference; explicitFileType = wrapper.cfbundle; includeInIndex = 0; path = "Tests macOS.xctest"; sourceTree = BUILT_PRODUCTS_DIR; };
		71C1ACF026F5199C000413DD /* Tests_macOS.swift */ = {isa = PBXFileReference; lastKnownFileType = sourcecode.swift; path = Tests_macOS.swift; sourceTree = "<group>"; };
		71C1ACF226F5199C000413DD /* Info.plist */ = {isa = PBXFileReference; lastKnownFileType = text.plist.xml; path = Info.plist; sourceTree = "<group>"; };
		71C1AD0726F55F24000413DD /* Welcome.swift */ = {isa = PBXFileReference; lastKnownFileType = sourcecode.swift; path = Welcome.swift; sourceTree = "<group>"; };
/* End PBXFileReference section */

/* Begin PBXFrameworksBuildPhase section */
		71C1ACCE26F5199C000413DD /* Frameworks */ = {
			isa = PBXFrameworksBuildPhase;
			buildActionMask = 2147483647;
			files = (
			);
			runOnlyForDeploymentPostprocessing = 0;
		};
		71C1ACD626F5199C000413DD /* Frameworks */ = {
			isa = PBXFrameworksBuildPhase;
			buildActionMask = 2147483647;
			files = (
			);
			runOnlyForDeploymentPostprocessing = 0;
		};
		71C1ACDE26F5199C000413DD /* Frameworks */ = {
			isa = PBXFrameworksBuildPhase;
			buildActionMask = 2147483647;
			files = (
			);
			runOnlyForDeploymentPostprocessing = 0;
		};
		71C1ACE926F5199C000413DD /* Frameworks */ = {
			isa = PBXFrameworksBuildPhase;
			buildActionMask = 2147483647;
			files = (
			);
			runOnlyForDeploymentPostprocessing = 0;
		};
/* End PBXFrameworksBuildPhase section */

/* Begin PBXGroup section */
		71C1ACC426F5199B000413DD = {
			isa = PBXGroup;
			children = (
				71C1ACC926F5199B000413DD /* Shared */,
				71C1ACD326F5199C000413DD /* iOS */,
				71C1ACDA26F5199C000413DD /* macOS */,
				71C1ACE426F5199C000413DD /* Tests iOS */,
				71C1ACEF26F5199C000413DD /* Tests macOS */,
				71C1ACD226F5199C000413DD /* Products */,
			);
			sourceTree = "<group>";
		};
		71C1ACC926F5199B000413DD /* Shared */ = {
			isa = PBXGroup;
			children = (
				71C1ACCA26F5199B000413DD /* HelloApp.swift */,
				71C1ACCB26F5199B000413DD /* ContentView.swift */,
				71C1ACCC26F5199C000413DD /* Assets.xcassets */,
				71C1AD0726F55F24000413DD /* Welcome.swift */,
			);
			path = Shared;
			sourceTree = "<group>";
		};
		71C1ACD226F5199C000413DD /* Products */ = {
			isa = PBXGroup;
			children = (
				71C1ACD126F5199C000413DD /* Hello.app */,
				71C1ACD926F5199C000413DD /* Hello.app */,
				71C1ACE126F5199C000413DD /* Tests iOS.xctest */,
				71C1ACEC26F5199C000413DD /* Tests macOS.xctest */,
			);
			name = Products;
			sourceTree = "<group>";
		};
		71C1ACD326F5199C000413DD /* iOS */ = {
			isa = PBXGroup;
			children = (
				71C1ACD426F5199C000413DD /* Info.plist */,
			);
			path = iOS;
			sourceTree = "<group>";
		};
		71C1ACDA26F5199C000413DD /* macOS */ = {
			isa = PBXGroup;
			children = (
				71C1ACDB26F5199C000413DD /* Info.plist */,
				71C1ACDC26F5199C000413DD /* macOS.entitlements */,
			);
			path = macOS;
			sourceTree = "<group>";
		};
		71C1ACE426F5199C000413DD /* Tests iOS */ = {
			isa = PBXGroup;
			children = (
				71C1ACE526F5199C000413DD /* Tests_iOS.swift */,
				71C1ACE726F5199C000413DD /* Info.plist */,
			);
			path = "Tests iOS";
			sourceTree = "<group>";
		};
		71C1ACEF26F5199C000413DD /* Tests macOS */ = {
			isa = PBXGroup;
			children = (
				71C1ACF026F5199C000413DD /* Tests_macOS.swift */,
				71C1ACF226F5199C000413DD /* Info.plist */,
			);
			path = "Tests macOS";
			sourceTree = "<group>";
		};
/* End PBXGroup section */

/* Begin PBXNativeTarget section */
		71C1ACD026F5199C000413DD /* Hello (iOS) */ = {
			isa = PBXNativeTarget;
			buildConfigurationList = 71C1ACFB26F5199C000413DD /* Build configuration list for PBXNativeTarget "Hello (iOS)" */;
			buildPhases = (
				71C1ACCD26F5199C000413DD /* Sources */,
				71C1ACCE26F5199C000413DD /* Frameworks */,
				71C1ACCF26F5199C000413DD /* Resources */,
			);
			buildRules = (
			);
			dependencies = (
			);
			name = "Hello (iOS)";
			productName = "Hello (iOS)";
			productReference = 71C1ACD126F5199C000413DD /* Hello.app */;
			productType = "com.apple.product-type.application";
		};
		71C1ACD826F5199C000413DD /* Hello (macOS) */ = {
			isa = PBXNativeTarget;
			buildConfigurationList = 71C1ACFE26F5199C000413DD /* Build configuration list for PBXNativeTarget "Hello (macOS)" */;
			buildPhases = (
				71C1ACD526F5199C000413DD /* Sources */,
				71C1ACD626F5199C000413DD /* Frameworks */,
				71C1ACD726F5199C000413DD /* Resources */,
			);
			buildRules = (
			);
			dependencies = (
			);
			name = "Hello (macOS)";
			productName = "Hello (macOS)";
			productReference = 71C1ACD926F5199C000413DD /* Hello.app */;
			productType = "com.apple.product-type.application";
		};
		71C1ACE026F5199C000413DD /* Tests iOS */ = {
			isa = PBXNativeTarget;
			buildConfigurationList = 71C1AD0126F5199C000413DD /* Build configuration list for PBXNativeTarget "Tests iOS" */;
			buildPhases = (
				71C1ACDD26F5199C000413DD /* Sources */,
				71C1ACDE26F5199C000413DD /* Frameworks */,
				71C1ACDF26F5199C000413DD /* Resources */,
			);
			buildRules = (
			);
			dependencies = (
				71C1ACE326F5199C000413DD /* PBXTargetDependency */,
			);
			name = "Tests iOS";
			productName = "Tests iOS";
			productReference = 71C1ACE126F5199C000413DD /* Tests iOS.xctest */;
			productType = "com.apple.product-type.bundle.ui-testing";
		};
		71C1ACEB26F5199C000413DD /* Tests macOS */ = {
			isa = PBXNativeTarget;
			buildConfigurationList = 71C1AD0426F5199C000413DD /* Build configuration list for PBXNativeTarget "Tests macOS" */;
			buildPhases = (
				71C1ACE826F5199C000413DD /* Sources */,
				71C1ACE926F5199C000413DD /* Frameworks */,
				71C1ACEA26F5199C000413DD /* Resources */,
			);
			buildRules = (
			);
			dependencies = (
				71C1ACEE26F5199C000413DD /* PBXTargetDependency */,
			);
			name = "Tests macOS";
			productName = "Tests macOS";
			productReference = 71C1ACEC26F5199C000413DD /* Tests macOS.xctest */;
			productType = "com.apple.product-type.bundle.ui-testing";
		};
/* End PBXNativeTarget section */

/* Begin PBXProject section */
		71C1ACC526F5199B000413DD /* Project object */ = {
			isa = PBXProject;
			attributes = {
				LastSwiftUpdateCheck = 1250;
				LastUpgradeCheck = 1250;
				TargetAttributes = {
					71C1ACD026F5199C000413DD = {
						CreatedOnToolsVersion = 12.5.1;
					};
					71C1ACD826F5199C000413DD = {
						CreatedOnToolsVersion = 12.5.1;
					};
					71C1ACE026F5199C000413DD = {
						CreatedOnToolsVersion = 12.5.1;
						TestTargetID = 71C1ACD026F5199C000413DD;
					};
					71C1ACEB26F5199C000413DD = {
						CreatedOnToolsVersion = 12.5.1;
						TestTargetID = 71C1ACD826F5199C000413DD;
					};
				};
			};
			buildConfigurationList = 71C1ACC826F5199B000413DD /* Build configuration list for PBXProject "Hello" */;
			compatibilityVersion = "Xcode 9.3";
			developmentRegion = en;
			hasScannedForEncodings = 0;
			knownRegions = (
				en,
				Base,
			);
			mainGroup = 71C1ACC426F5199B000413DD;
			productRefGroup = 71C1ACD226F5199C000413DD /* Products */;
			projectDirPath = "";
			projectRoot = "";
			targets = (
				71C1ACD026F5199C000413DD /* Hello (iOS) */,
				71C1ACD826F5199C000413DD /* Hello (macOS) */,
				71C1ACE026F5199C000413DD /* Tests iOS */,
				71C1ACEB26F5199C000413DD /* Tests macOS */,
			);
		};
/* End PBXProject section */

/* Begin PBXResourcesBuildPhase section */
		71C1ACCF26F5199C000413DD /* Resources */ = {
			isa = PBXResourcesBuildPhase;
			buildActionMask = 2147483647;
			files = (
				71C1ACF726F5199C000413DD /* Assets.xcassets in Resources */,
			);
			runOnlyForDeploymentPostprocessing = 0;
		};
		71C1ACD726F5199C000413DD /* Resources */ = {
			isa = PBXResourcesBuildPhase;
			buildActionMask = 2147483647;
			files = (
				71C1ACF826F5199C000413DD /* Assets.xcassets in Resources */,
			);
			runOnlyForDeploymentPostprocessing = 0;
		};
		71C1ACDF26F5199C000413DD /* Resources */ = {
			isa = PBXResourcesBuildPhase;
			buildActionMask = 2147483647;
			files = (
			);
			runOnlyForDeploymentPostprocessing = 0;
		};
		71C1ACEA26F5199C000413DD /* Resources */ = {
			isa = PBXResourcesBuildPhase;
			buildActionMask = 2147483647;
			files = (
			);
			runOnlyForDeploymentPostprocessing = 0;
		};
/* End PBXResourcesBuildPhase section */

/* Begin PBXSourcesBuildPhase section */
		71C1ACCD26F5199C000413DD /* Sources */ = {
			isa = PBXSourcesBuildPhase;
			buildActionMask = 2147483647;
			files = (
				71C1ACF526F5199C000413DD /* ContentView.swift in Sources */,
				71C1AD0826F55F24000413DD /* Welcome.swift in Sources */,
				71C1ACF326F5199C000413DD /* HelloApp.swift in Sources */,
			);
			runOnlyForDeploymentPostprocessing = 0;
		};
		71C1ACD526F5199C000413DD /* Sources */ = {
			isa = PBXSourcesBuildPhase;
			buildActionMask = 2147483647;
			files = (
				71C1ACF626F5199C000413DD /* ContentView.swift in Sources */,
				71C1AD0926F55F24000413DD /* Welcome.swift in Sources */,
				71C1ACF426F5199C000413DD /* HelloApp.swift in Sources */,
			);
			runOnlyForDeploymentPostprocessing = 0;
		};
		71C1ACDD26F5199C000413DD /* Sources */ = {
			isa = PBXSourcesBuildPhase;
			buildActionMask = 2147483647;
			files = (
				71C1ACE626F5199C000413DD /* Tests_iOS.swift in Sources */,
			);
			runOnlyForDeploymentPostprocessing = 0;
		};
		71C1ACE826F5199C000413DD /* Sources */ = {
			isa = PBXSourcesBuildPhase;
			buildActionMask = 2147483647;
			files = (
				71C1ACF126F5199C000413DD /* Tests_macOS.swift in Sources */,
			);
			runOnlyForDeploymentPostprocessing = 0;
		};
/* End PBXSourcesBuildPhase section */

/* Begin PBXTargetDependency section */
		71C1ACE326F5199C000413DD /* PBXTargetDependency */ = {
			isa = PBXTargetDependency;
			target = 71C1ACD026F5199C000413DD /* Hello (iOS) */;
			targetProxy = 71C1ACE226F5199C000413DD /* PBXContainerItemProxy */;
		};
		71C1ACEE26F5199C000413DD /* PBXTargetDependency */ = {
			isa = PBXTargetDependency;
			target = 71C1ACD826F5199C000413DD /* Hello (macOS) */;
			targetProxy = 71C1ACED26F5199C000413DD /* PBXContainerItemProxy */;
		};
/* End PBXTargetDependency section */

/* Begin XCBuildConfiguration section */
		71C1ACF926F5199C000413DD /* Debug */ = {
			isa = XCBuildConfiguration;
			buildSettings = {
				ALWAYS_SEARCH_USER_PATHS = NO;
				CLANG_ANALYZER_NONNULL = YES;
				CLANG_ANALYZER_NUMBER_OBJECT_CONVERSION = YES_AGGRESSIVE;
				CLANG_CXX_LANGUAGE_STANDARD = "gnu++14";
				CLANG_CXX_LIBRARY = "libc++";
				CLANG_ENABLE_MODULES = YES;
				CLANG_ENABLE_OBJC_ARC = YES;
				CLANG_ENABLE_OBJC_WEAK = YES;
				CLANG_WARN_BLOCK_CAPTURE_AUTORELEASING = YES;
				CLANG_WARN_BOOL_CONVERSION = YES;
				CLANG_WARN_COMMA = YES;
				CLANG_WARN_CONSTANT_CONVERSION = YES;
				CLANG_WARN_DEPRECATED_OBJC_IMPLEMENTATIONS = YES;
				CLANG_WARN_DIRECT_OBJC_ISA_USAGE = YES_ERROR;
				CLANG_WARN_DOCUMENTATION_COMMENTS = YES;
				CLANG_WARN_EMPTY_BODY = YES;
				CLANG_WARN_ENUM_CONVERSION = YES;
				CLANG_WARN_INFINITE_RECURSION = YES;
				CLANG_WARN_INT_CONVERSION = YES;
				CLANG_WARN_NON_LITERAL_NULL_CONVERSION = YES;
				CLANG_WARN_OBJC_IMPLICIT_RETAIN_SELF = YES;
				CLANG_WARN_OBJC_LITERAL_CONVERSION = YES;
				CLANG_WARN_OBJC_ROOT_CLASS = YES_ERROR;
				CLANG_WARN_QUOTED_INCLUDE_IN_FRAMEWORK_HEADER = YES;
				CLANG_WARN_RANGE_LOOP_ANALYSIS = YES;
				CLANG_WARN_STRICT_PROTOTYPES = YES;
				CLANG_WARN_SUSPICIOUS_MOVE = YES;
				CLANG_WARN_UNGUARDED_AVAILABILITY = YES_AGGRESSIVE;
				CLANG_WARN_UNREACHABLE_CODE = YES;
				CLANG_WARN__DUPLICATE_METHOD_MATCH = YES;
				COPY_PHASE_STRIP = NO;
				DEBUG_INFORMATION_FORMAT = dwarf;
				ENABLE_STRICT_OBJC_MSGSEND = YES;
				ENABLE_TESTABILITY = YES;
				GCC_C_LANGUAGE_STANDARD = gnu11;
				GCC_DYNAMIC_NO_PIC = NO;
				GCC_NO_COMMON_BLOCKS = YES;
				GCC_OPTIMIZATION_LEVEL = 0;
				GCC_PREPROCESSOR_DEFINITIONS = (
					"DEBUG=1",
					"$(inherited)",
				);
				GCC_WARN_64_TO_32_BIT_CONVERSION = YES;
				GCC_WARN_ABOUT_RETURN_TYPE = YES_ERROR;
				GCC_WARN_UNDECLARED_SELECTOR = YES;
				GCC_WARN_UNINITIALIZED_AUTOS = YES_AGGRESSIVE;
				GCC_WARN_UNUSED_FUNCTION = YES;
				GCC_WARN_UNUSED_VARIABLE = YES;
				MTL_ENABLE_DEBUG_INFO = INCLUDE_SOURCE;
				MTL_FAST_MATH = YES;
				ONLY_ACTIVE_ARCH = YES;
				SWIFT_ACTIVE_COMPILATION_CONDITIONS = DEBUG;
				SWIFT_OPTIMIZATION_LEVEL = "-Onone";
			};
			name = Debug;
		};
		71C1ACFA26F5199C000413DD /* Release */ = {
			isa = XCBuildConfiguration;
			buildSettings = {
				ALWAYS_SEARCH_USER_PATHS = NO;
				CLANG_ANALYZER_NONNULL = YES;
				CLANG_ANALYZER_NUMBER_OBJECT_CONVERSION = YES_AGGRESSIVE;
				CLANG_CXX_LANGUAGE_STANDARD = "gnu++14";
				CLANG_CXX_LIBRARY = "libc++";
				CLANG_ENABLE_MODULES = YES;
				CLANG_ENABLE_OBJC_ARC = YES;
				CLANG_ENABLE_OBJC_WEAK = YES;
				CLANG_WARN_BLOCK_CAPTURE_AUTORELEASING = YES;
				CLANG_WARN_BOOL_CONVERSION = YES;
				CLANG_WARN_COMMA = YES;
				CLANG_WARN_CONSTANT_CONVERSION = YES;
				CLANG_WARN_DEPRECATED_OBJC_IMPLEMENTATIONS = YES;
				CLANG_WARN_DIRECT_OBJC_ISA_USAGE = YES_ERROR;
				CLANG_WARN_DOCUMENTATION_COMMENTS = YES;
				CLANG_WARN_EMPTY_BODY = YES;
				CLANG_WARN_ENUM_CONVERSION = YES;
				CLANG_WARN_INFINITE_RECURSION = YES;
				CLANG_WARN_INT_CONVERSION = YES;
				CLANG_WARN_NON_LITERAL_NULL_CONVERSION = YES;
				CLANG_WARN_OBJC_IMPLICIT_RETAIN_SELF = YES;
				CLANG_WARN_OBJC_LITERAL_CONVERSION = YES;
				CLANG_WARN_OBJC_ROOT_CLASS = YES_ERROR;
				CLANG_WARN_QUOTED_INCLUDE_IN_FRAMEWORK_HEADER = YES;
				CLANG_WARN_RANGE_LOOP_ANALYSIS = YES;
				CLANG_WARN_STRICT_PROTOTYPES = YES;
				CLANG_WARN_SUSPICIOUS_MOVE = YES;
				CLANG_WARN_UNGUARDED_AVAILABILITY = YES_AGGRESSIVE;
				CLANG_WARN_UNREACHABLE_CODE = YES;
				CLANG_WARN__DUPLICATE_METHOD_MATCH = YES;
				COPY_PHASE_STRIP = NO;
				DEBUG_INFORMATION_FORMAT = "dwarf-with-dsym";
				ENABLE_NS_ASSERTIONS = NO;
				ENABLE_STRICT_OBJC_MSGSEND = YES;
				GCC_C_LANGUAGE_STANDARD = gnu11;
				GCC_NO_COMMON_BLOCKS = YES;
				GCC_WARN_64_TO_32_BIT_CONVERSION = YES;
				GCC_WARN_ABOUT_RETURN_TYPE = YES_ERROR;
				GCC_WARN_UNDECLARED_SELECTOR = YES;
				GCC_WARN_UNINITIALIZED_AUTOS = YES_AGGRESSIVE;
				GCC_WARN_UNUSED_FUNCTION = YES;
				GCC_WARN_UNUSED_VARIABLE = YES;
				MTL_ENABLE_DEBUG_INFO = NO;
				MTL_FAST_MATH = YES;
				SWIFT_COMPILATION_MODE = wholemodule;
				SWIFT_OPTIMIZATION_LEVEL = "-O";
			};
			name = Release;
		};
		71C1ACFC26F5199C000413DD /* Debug */ = {
			isa = XCBuildConfiguration;
			buildSettings = {
				ASSETCATALOG_COMPILER_APPICON_NAME = AppIcon;
				ASSETCATALOG_COMPILER_GLOBAL_ACCENT_COLOR_NAME = AccentColor;
				CODE_SIGN_STYLE = Automatic;
				DEVELOPMENT_TEAM = VX8L58NL98;
				ENABLE_PREVIEWS = YES;
				INFOPLIST_FILE = iOS/Info.plist;
				IPHONEOS_DEPLOYMENT_TARGET = 14.0;
				LD_RUNPATH_SEARCH_PATHS = (
					"$(inherited)",
					"@executable_path/Frameworks",
				);
				PRODUCT_BUNDLE_IDENTIFIER = q.Hello;
				PRODUCT_NAME = Hello;
				SDKROOT = iphoneos;
				SWIFT_VERSION = 5.0;
				TARGETED_DEVICE_FAMILY = "1,2";
			};
			name = Debug;
		};
		71C1ACFD26F5199C000413DD /* Release */ = {
			isa = XCBuildConfiguration;
			buildSettings = {
				ASSETCATALOG_COMPILER_APPICON_NAME = AppIcon;
				ASSETCATALOG_COMPILER_GLOBAL_ACCENT_COLOR_NAME = AccentColor;
				CODE_SIGN_STYLE = Automatic;
				DEVELOPMENT_TEAM = VX8L58NL98;
				ENABLE_PREVIEWS = YES;
				INFOPLIST_FILE = iOS/Info.plist;
				IPHONEOS_DEPLOYMENT_TARGET = 14.0;
				LD_RUNPATH_SEARCH_PATHS = (
					"$(inherited)",
					"@executable_path/Frameworks",
				);
				PRODUCT_BUNDLE_IDENTIFIER = q.Hello;
				PRODUCT_NAME = Hello;
				SDKROOT = iphoneos;
				SWIFT_VERSION = 5.0;
				TARGETED_DEVICE_FAMILY = "1,2";
				VALIDATE_PRODUCT = YES;
			};
			name = Release;
		};
		71C1ACFF26F5199C000413DD /* Debug */ = {
			isa = XCBuildConfiguration;
			buildSettings = {
				ASSETCATALOG_COMPILER_APPICON_NAME = AppIcon;
				ASSETCATALOG_COMPILER_GLOBAL_ACCENT_COLOR_NAME = AccentColor;
				CODE_SIGN_ENTITLEMENTS = macOS/macOS.entitlements;
				CODE_SIGN_STYLE = Automatic;
				COMBINE_HIDPI_IMAGES = YES;
				DEVELOPMENT_TEAM = VX8L58NL98;
				ENABLE_HARDENED_RUNTIME = YES;
				ENABLE_PREVIEWS = YES;
				INFOPLIST_FILE = macOS/Info.plist;
				LD_RUNPATH_SEARCH_PATHS = (
					"$(inherited)",
					"@executable_path/../Frameworks",
				);
				MACOSX_DEPLOYMENT_TARGET = 11.0;
				PRODUCT_BUNDLE_IDENTIFIER = q.Hello;
				PRODUCT_NAME = Hello;
				SDKROOT = macosx;
				SWIFT_VERSION = 5.0;
			};
			name = Debug;
		};
		71C1AD0026F5199C000413DD /* Release */ = {
			isa = XCBuildConfiguration;
			buildSettings = {
				ASSETCATALOG_COMPILER_APPICON_NAME = AppIcon;
				ASSETCATALOG_COMPILER_GLOBAL_ACCENT_COLOR_NAME = AccentColor;
				CODE_SIGN_ENTITLEMENTS = macOS/macOS.entitlements;
				CODE_SIGN_STYLE = Automatic;
				COMBINE_HIDPI_IMAGES = YES;
				DEVELOPMENT_TEAM = VX8L58NL98;
				ENABLE_HARDENED_RUNTIME = YES;
				ENABLE_PREVIEWS = YES;
				INFOPLIST_FILE = macOS/Info.plist;
				LD_RUNPATH_SEARCH_PATHS = (
					"$(inherited)",
					"@executable_path/../Frameworks",
				);
				MACOSX_DEPLOYMENT_TARGET = 11.0;
				PRODUCT_BUNDLE_IDENTIFIER = q.Hello;
				PRODUCT_NAME = Hello;
				SDKROOT = macosx;
				SWIFT_VERSION = 5.0;
			};
			name = Release;
		};
		71C1AD0226F5199C000413DD /* Debug */ = {
			isa = XCBuildConfiguration;
			buildSettings = {
				ALWAYS_EMBED_SWIFT_STANDARD_LIBRARIES = YES;
				CODE_SIGN_STYLE = Automatic;
				DEVELOPMENT_TEAM = VX8L58NL98;
				INFOPLIST_FILE = "Tests iOS/Info.plist";
				IPHONEOS_DEPLOYMENT_TARGET = 14.5;
				LD_RUNPATH_SEARCH_PATHS = (
					"$(inherited)",
					"@executable_path/Frameworks",
					"@loader_path/Frameworks",
				);
				PRODUCT_BUNDLE_IDENTIFIER = "q.Tests-iOS";
				PRODUCT_NAME = "$(TARGET_NAME)";
				SDKROOT = iphoneos;
				SWIFT_VERSION = 5.0;
				TARGETED_DEVICE_FAMILY = "1,2";
				TEST_TARGET_NAME = "Hello (iOS)";
			};
			name = Debug;
		};
		71C1AD0326F5199C000413DD /* Release */ = {
			isa = XCBuildConfiguration;
			buildSettings = {
				ALWAYS_EMBED_SWIFT_STANDARD_LIBRARIES = YES;
				CODE_SIGN_STYLE = Automatic;
				DEVELOPMENT_TEAM = VX8L58NL98;
				INFOPLIST_FILE = "Tests iOS/Info.plist";
				IPHONEOS_DEPLOYMENT_TARGET = 14.5;
				LD_RUNPATH_SEARCH_PATHS = (
					"$(inherited)",
					"@executable_path/Frameworks",
					"@loader_path/Frameworks",
				);
				PRODUCT_BUNDLE_IDENTIFIER = "q.Tests-iOS";
				PRODUCT_NAME = "$(TARGET_NAME)";
				SDKROOT = iphoneos;
				SWIFT_VERSION = 5.0;
				TARGETED_DEVICE_FAMILY = "1,2";
				TEST_TARGET_NAME = "Hello (iOS)";
				VALIDATE_PRODUCT = YES;
			};
			name = Release;
		};
		71C1AD0526F5199C000413DD /* Debug */ = {
			isa = XCBuildConfiguration;
			buildSettings = {
				ALWAYS_EMBED_SWIFT_STANDARD_LIBRARIES = YES;
				CODE_SIGN_STYLE = Automatic;
				COMBINE_HIDPI_IMAGES = YES;
				DEVELOPMENT_TEAM = VX8L58NL98;
				INFOPLIST_FILE = "Tests macOS/Info.plist";
				LD_RUNPATH_SEARCH_PATHS = (
					"$(inherited)",
					"@executable_path/../Frameworks",
					"@loader_path/../Frameworks",
				);
				MACOSX_DEPLOYMENT_TARGET = 11.3;
				PRODUCT_BUNDLE_IDENTIFIER = "q.Tests-macOS";
				PRODUCT_NAME = "$(TARGET_NAME)";
				SDKROOT = macosx;
				SWIFT_VERSION = 5.0;
				TEST_TARGET_NAME = "Hello (macOS)";
			};
			name = Debug;
		};
		71C1AD0626F5199C000413DD /* Release */ = {
			isa = XCBuildConfiguration;
			buildSettings = {
				ALWAYS_EMBED_SWIFT_STANDARD_LIBRARIES = YES;
				CODE_SIGN_STYLE = Automatic;
				COMBINE_HIDPI_IMAGES = YES;
				DEVELOPMENT_TEAM = VX8L58NL98;
				INFOPLIST_FILE = "Tests macOS/Info.plist";
				LD_RUNPATH_SEARCH_PATHS = (
					"$(inherited)",
					"@executable_path/../Frameworks",
					"@loader_path/../Frameworks",
				);
				MACOSX_DEPLOYMENT_TARGET = 11.3;
				PRODUCT_BUNDLE_IDENTIFIER = "q.Tests-macOS";
				PRODUCT_NAME = "$(TARGET_NAME)";
				SDKROOT = macosx;
				SWIFT_VERSION = 5.0;
				TEST_TARGET_NAME = "Hello (macOS)";
			};
			name = Release;
		};
/* End XCBuildConfiguration section */

/* Begin XCConfigurationList section */
		71C1ACC826F5199B000413DD /* Build configuration list for PBXProject "Hello" */ = {
			isa = XCConfigurationList;
			buildConfigurations = (
				71C1ACF926F5199C000413DD /* Debug */,
				71C1ACFA26F5199C000413DD /* Release */,
			);
			defaultConfigurationIsVisible = 0;
			defaultConfigurationName = Release;
		};
		71C1ACFB26F5199C000413DD /* Build configuration list for PBXNativeTarget "Hello (iOS)" */ = {
			isa = XCConfigurationList;
			buildConfigurations = (
				71C1ACFC26F5199C000413DD /* Debug */,
				71C1ACFD26F5199C000413DD /* Release */,
			);
			defaultConfigurationIsVisible = 0;
			defaultConfigurationName = Release;
		};
		71C1ACFE26F5199C000413DD /* Build configuration list for PBXNativeTarget "Hello (macOS)" */ = {
			isa = XCConfigurationList;
			buildConfigurations = (
				71C1ACFF26F5199C000413DD /* Debug */,
				71C1AD0026F5199C000413DD /* Release */,
			);
			defaultConfigurationIsVisible = 0;
			defaultConfigurationName = Release;
		};
		71C1AD0126F5199C000413DD /* Build configuration list for PBXNativeTarget "Tests iOS" */ = {
			isa = XCConfigurationList;
			buildConfigurations = (
				71C1AD0226F5199C000413DD /* Debug */,
				71C1AD0326F5199C000413DD /* Release */,
			);
			defaultConfigurationIsVisible = 0;
			defaultConfigurationName = Release;
		};
		71C1AD0426F5199C000413DD /* Build configuration list for PBXNativeTarget "Tests macOS" */ = {
			isa = XCConfigurationList;
			buildConfigurations = (
				71C1AD0526F5199C000413DD /* Debug */,
				71C1AD0626F5199C000413DD /* Release */,
			);
			defaultConfigurationIsVisible = 0;
			defaultConfigurationName = Release;
		};
/* End XCConfigurationList section */
	};
	rootObject = 71C1ACC526F5199B000413DD /* Project object */;
}
